
Microsoft Visual Studio Solution File, Format Version 12.00
# Visual Studio Version 17
VisualStudioVersion = 17.5.002.0
MinimumVisualStudioVersion = 10.0.40219.1
Project("{9A19103F-16F7-4668-BE54-9A1E7A4F7556}") = "ActivityRecorder", "ActivityRecorder.csproj", "{00C8B479-AB04-4BB2-A4C7-F1F31753F01F}"
EndProject
Global
	GlobalSection(SolutionConfigurationPlatforms) = preSolution
		Debug|Any CPU = Debug|Any CPU
		Release|Any CPU = Release|Any CPU
	EndGlobalSection
	GlobalSection(ProjectConfigurationPlatforms) = postSolution
		{00C8B479-AB04-4BB2-A4C7-F1F31753F01F}.Debug|Any CPU.ActiveCfg = Debug|Any CPU
		{00C8B479-AB04-4BB2-A4C7-F1F31753F01F}.Debug|Any CPU.Build.0 = Debug|Any CPU
		{00C8B479-AB04-4BB2-A4C7-F1F31753F01F}.Release|Any CPU.ActiveCfg = Release|Any CPU
		{00C8B479-AB04-4BB2-A4C7-F1F31753F01F}.Release|Any CPU.Build.0 = Release|Any CPU
		{1DCB65B7-0B0E-4C92-99F0-C2F44062E710}.Debug|Any CPU.ActiveCfg = Debug|Any CPU
		{1DCB65B7-0B0E-4C92-99F0-C2F44062E710}.Debug|Any CPU.Build.0 = Debug|Any CPU
		{1DCB65B7-0B0E-4C92-99F0-C2F44062E710}.Release|Any CPU.ActiveCfg = Release|Any CPU
		{1DCB65B7-0B0E-4C92-99F0-C2F44062E710}.Release|Any CPU.Build.0 = Release|Any CPU
	EndGlobalSection
	GlobalSection(SolutionProperties) = preSolution
		HideSolutionNode = FALSE
	EndGlobalSection
	GlobalSection(ExtensibilityGlobals) = postSolution
		SolutionGuid = {D025A46D-3D8F-44DB-9D83-D96892FF8D77}
	EndGlobalSection
EndGlobal
